Microsoft Visual Studio Solution File, Format Version 12.00
# Visual Studio Version 17
VisualStudioVersion = 17.5.2.0
MinimumVisualStudioVersion = 10.0.40219.1
Project("{FAE04EC0-301F-11D3-BF4B-00C04F79EFBC}") = "Chapeau", "Chapeau.csproj", "{E64D8035-A54D-F1FB-314E-991C484C4B3B}"
EndProject
Global
	GlobalSection(SolutionConfigurationPlatforms) = preSolution
		Debug|Any CPU = Debug|Any CPU
		Release|Any CPU = Release|Any CPU
	EndGlobalSection
	GlobalSection(ProjectConfigurationPlatforms) = postSolution
		{E64D8035-A54D-F1FB-314E-991C484C4B3B}.Debug|Any CPU.ActiveCfg = Debug|Any CPU
		{E64D8035-A54D-F1FB-314E-991C484C4B3B}.Debug|Any CPU.Build.0 = Debug|Any CPU
		{E64D8035-A54D-F1FB-314E-991C484C4B3B}.Release|Any CPU.ActiveCfg = Release|Any CPU
		{E64D8035-A54D-F1FB-314E-991C484C4B3B}.Release|Any CPU.Build.0 = Release|Any CPU
	EndGlobalSection
	GlobalSection(SolutionProperties) = preSolution
		HideSolutionNode = FALSE
	EndGlobalSection
	GlobalSection(ExtensibilityGlobals) = postSolution
		SolutionGuid = {764ED85D-AA90-478A-AEA1-A1974A59D3E1}
	EndGlobalSection
EndGlobal
